
Microsoft Visual Studio Solution File, Format Version 12.00
# Visual Studio Version 17
VisualStudioVersion = 17.7.34221.43
MinimumVisualStudioVersion = 10.0.40219.1
Project("{2150E333-8FDC-42A3-9474-1A3956D46DE8}") = "Services", "Services", "{C1FC1D72-A577-4874-8E9A-FE9D9E44EA99}"
EndProject
Project("{2150E333-8FDC-42A3-9474-1A3956D46DE8}") = "Catalog", "Catalog", "{7EB1E9AD-5640-4834-A02F-CEC8C0803AF4}"
EndProject
Project("{9A19103F-16F7-4668-BE54-9A1E7A4F7556}") = "Catalog.API", "Services\Catalog\Catalog.API\Catalog.API.csproj", "{CF5669AD-525C-472C-9424-597AC49FA09D}"
EndProject
Project("{E53339B2-1760-4266-BCC7-CA923CBCF16C}") = "docker-compose", "docker-compose.dcproj", "{BDF41B69-9DEF-4846-824D-B9E8555BFA8D}"
EndProject
Project("{2150E333-8FDC-42A3-9474-1A3956D46DE8}") = "Basket", "Basket", "{801F3DC1-9430-4D5E-815D-B7266D540F1B}"
EndProject
Project("{9A19103F-16F7-4668-BE54-9A1E7A4F7556}") = "Basket.API", "Services\Basket\Basket.API\Basket.API.csproj", "{221DA441-5C00-4753-B241-2458483661AA}"
EndProject
Project("{2150E333-8FDC-42A3-9474-1A3956D46DE8}") = "Discount", "Discount", "{A091204F-9CDD-4F9C-AFBD-AC8C5527D790}"
EndProject
Project("{9A19103F-16F7-4668-BE54-9A1E7A4F7556}") = "Discount.API", "Services\Discount\Discount.API\Discount.API.csproj", "{A37ECA14-531D-45EB-AFEE-2AE309FEC707}"
EndProject
Project("{9A19103F-16F7-4668-BE54-9A1E7A4F7556}") = "Discount.Grpc", "Services\Discount\Discount.Grpc\Discount.Grpc.csproj", "{7E248275-F60E-4A51-B3ED-0197A1C9F711}"
EndProject
Project("{2150E333-8FDC-42A3-9474-1A3956D46DE8}") = "Ordering", "Ordering", "{8C644474-300F-4A6D-BDB7-99B640E36E0A}"
EndProject
Project("{9A19103F-16F7-4668-BE54-9A1E7A4F7556}") = "Ordering.API", "Services\Ordering\Ordering.API\Ordering.API.csproj", "{7C7E9D31-76F8-4057-8F16-4058C38EE656}"
EndProject
Project("{9A19103F-16F7-4668-BE54-9A1E7A4F7556}") = "Ordering.Domain", "Services\Ordering\Ordering.Domain\Ordering.Domain.csproj", "{779783F2-FDF8-4717-B5D7-53CD4FD64410}"
EndProject
Project("{9A19103F-16F7-4668-BE54-9A1E7A4F7556}") = "Ordering.Application", "Services\Ordering\Ordering.Application\Ordering.Application.csproj", "{50AF6619-BA11-4E26-B1E0-3AB9E6BE37D5}"
EndProject
Project("{9A19103F-16F7-4668-BE54-9A1E7A4F7556}") = "Ordering.Infrastructure", "Services\Ordering\Ordering.Infrastructure\Ordering.Infrastructure.csproj", "{FE524A7F-F6B1-4245-B35D-CD420DAC7C3D}"
EndProject
Project("{2150E333-8FDC-42A3-9474-1A3956D46DE8}") = "BuildingBlocks", "BuildingBlocks", "{A6F77BFD-92E4-4865-BD5A-2861EF9B204D}"
EndProject
Project("{FAE04EC0-301F-11D3-BF4B-00C04F79EFBC}") = "EventBus.Messages", "BuildingBlocks\EventBus.Messages\EventBus.Messages.csproj", "{D50D1503-7A37-4039-843F-E366014E3400}"
EndProject
Global
	GlobalSection(SolutionConfigurationPlatforms) = preSolution
		Debug|Any CPU = Debug|Any CPU
		Release|Any CPU = Release|Any CPU
	EndGlobalSection
	GlobalSection(ProjectConfigurationPlatforms) = postSolution
		{CF5669AD-525C-472C-9424-597AC49FA09D}.Debug|Any CPU.ActiveCfg = Debug|Any CPU
		{CF5669AD-525C-472C-9424-597AC49FA09D}.Debug|Any CPU.Build.0 = Debug|Any CPU
		{CF5669AD-525C-472C-9424-597AC49FA09D}.Release|Any CPU.ActiveCfg = Release|Any CPU
		{CF5669AD-525C-472C-9424-597AC49FA09D}.Release|Any CPU.Build.0 = Release|Any CPU
		{BDF41B69-9DEF-4846-824D-B9E8555BFA8D}.Debug|Any CPU.ActiveCfg = Debug|Any CPU
		{BDF41B69-9DEF-4846-824D-B9E8555BFA8D}.Debug|Any CPU.Build.0 = Debug|Any CPU
		{BDF41B69-9DEF-4846-824D-B9E8555BFA8D}.Release|Any CPU.ActiveCfg = Release|Any CPU
		{BDF41B69-9DEF-4846-824D-B9E8555BFA8D}.Release|Any CPU.Build.0 = Release|Any CPU
		{221DA441-5C00-4753-B241-2458483661AA}.Debug|Any CPU.ActiveCfg = Debug|Any CPU
		{221DA441-5C00-4753-B241-2458483661AA}.Debug|Any CPU.Build.0 = Debug|Any CPU
		{221DA441-5C00-4753-B241-2458483661AA}.Release|Any CPU.ActiveCfg = Release|Any CPU
		{221DA441-5C00-4753-B241-2458483661AA}.Release|Any CPU.Build.0 = Release|Any CPU
		{A37ECA14-531D-45EB-AFEE-2AE309FEC707}.Debug|Any CPU.ActiveCfg = Debug|Any CPU
		{A37ECA14-531D-45EB-AFEE-2AE309FEC707}.Debug|Any CPU.Build.0 = Debug|Any CPU
		{A37ECA14-531D-45EB-AFEE-2AE309FEC707}.Release|Any CPU.ActiveCfg = Release|Any CPU
		{A37ECA14-531D-45EB-AFEE-2AE309FEC707}.Release|Any CPU.Build.0 = Release|Any CPU
		{7E248275-F60E-4A51-B3ED-0197A1C9F711}.Debug|Any CPU.ActiveCfg = Debug|Any CPU
		{7E248275-F60E-4A51-B3ED-0197A1C9F711}.Debug|Any CPU.Build.0 = Debug|Any CPU
		{7E248275-F60E-4A51-B3ED-0197A1C9F711}.Release|Any CPU.ActiveCfg = Release|Any CPU
		{7E248275-F60E-4A51-B3ED-0197A1C9F711}.Release|Any CPU.Build.0 = Release|Any CPU
		{7C7E9D31-76F8-4057-8F16-4058C38EE656}.Debug|Any CPU.ActiveCfg = Debug|Any CPU
		{7C7E9D31-76F8-4057-8F16-4058C38EE656}.Debug|Any CPU.Build.0 = Debug|Any CPU
		{7C7E9D31-76F8-4057-8F16-4058C38EE656}.Release|Any CPU.ActiveCfg = Release|Any CPU
		{7C7E9D31-76F8-4057-8F16-4058C38EE656}.Release|Any CPU.Build.0 = Release|Any CPU
		{779783F2-FDF8-4717-B5D7-53CD4FD64410}.Debug|Any CPU.ActiveCfg = Debug|Any CPU
		{779783F2-FDF8-4717-B5D7-53CD4FD64410}.Debug|Any CPU.Build.0 = Debug|Any CPU
		{779783F2-FDF8-4717-B5D7-53CD4FD64410}.Release|Any CPU.ActiveCfg = Release|Any CPU
		{779783F2-FDF8-4717-B5D7-53CD4FD64410}.Release|Any CPU.Build.0 = Release|Any CPU
		{50AF6619-BA11-4E26-B1E0-3AB9E6BE37D5}.Debug|Any CPU.ActiveCfg = Debug|Any CPU
		{50AF6619-BA11-4E26-B1E0-3AB9E6BE37D5}.Debug|Any CPU.Build.0 = Debug|Any CPU
		{50AF6619-BA11-4E26-B1E0-3AB9E6BE37D5}.Release|Any CPU.ActiveCfg = Release|Any CPU
		{50AF6619-BA11-4E26-B1E0-3AB9E6BE37D5}.Release|Any CPU.Build.0 = Release|Any CPU
		{FE524A7F-F6B1-4245-B35D-CD420DAC7C3D}.Debug|Any CPU.ActiveCfg = Debug|Any CPU
		{FE524A7F-F6B1-4245-B35D-CD420DAC7C3D}.Debug|Any CPU.Build.0 = Debug|Any CPU
		{FE524A7F-F6B1-4245-B35D-CD420DAC7C3D}.Release|Any CPU.ActiveCfg = Release|Any CPU
		{FE524A7F-F6B1-4245-B35D-CD420DAC7C3D}.Release|Any CPU.Build.0 = Release|Any CPU
		{D50D1503-7A37-4039-843F-E366014E3400}.Debug|Any CPU.ActiveCfg = Debug|Any CPU
		{D50D1503-7A37-4039-843F-E366014E3400}.Debug|Any CPU.Build.0 = Debug|Any CPU
		{D50D1503-7A37-4039-843F-E366014E3400}.Release|Any CPU.ActiveCfg = Release|Any CPU
		{D50D1503-7A37-4039-843F-E366014E3400}.Release|Any CPU.Build.0 = Release|Any CPU
	EndGlobalSection
	GlobalSection(SolutionProperties) = preSolution
		HideSolutionNode = FALSE
	EndGlobalSection
	GlobalSection(NestedProjects) = preSolution
		{7EB1E9AD-5640-4834-A02F-CEC8C0803AF4} = {C1FC1D72-A577-4874-8E9A-FE9D9E44EA99}
		{CF5669AD-525C-472C-9424-597AC49FA09D} = {7EB1E9AD-5640-4834-A02F-CEC8C0803AF4}
		{801F3DC1-9430-4D5E-815D-B7266D540F1B} = {C1FC1D72-A577-4874-8E9A-FE9D9E44EA99}
		{221DA441-5C00-4753-B241-2458483661AA} = {801F3DC1-9430-4D5E-815D-B7266D540F1B}
		{A091204F-9CDD-4F9C-AFBD-AC8C5527D790} = {C1FC1D72-A577-4874-8E9A-FE9D9E44EA99}
		{A37ECA14-531D-45EB-AFEE-2AE309FEC707} = {A091204F-9CDD-4F9C-AFBD-AC8C5527D790}
		{7E248275-F60E-4A51-B3ED-0197A1C9F711} = {A091204F-9CDD-4F9C-AFBD-AC8C5527D790}
		{8C644474-300F-4A6D-BDB7-99B640E36E0A} = {C1FC1D72-A577-4874-8E9A-FE9D9E44EA99}
		{7C7E9D31-76F8-4057-8F16-4058C38EE656} = {8C644474-300F-4A6D-BDB7-99B640E36E0A}
		{779783F2-FDF8-4717-B5D7-53CD4FD64410} = {8C644474-300F-4A6D-BDB7-99B640E36E0A}
		{50AF6619-BA11-4E26-B1E0-3AB9E6BE37D5} = {8C644474-300F-4A6D-BDB7-99B640E36E0A}
		{FE524A7F-F6B1-4245-B35D-CD420DAC7C3D} = {8C644474-300F-4A6D-BDB7-99B640E36E0A}
		{D50D1503-7A37-4039-843F-E366014E3400} = {A6F77BFD-92E4-4865-BD5A-2861EF9B204D}
	EndGlobalSection
	GlobalSection(ExtensibilityGlobals) = postSolution
		SolutionGuid = {666334B1-3752-491F-A1F1-D0319548C2AB}
	EndGlobalSection
EndGlobal
